
Microsoft Visual Studio Solution File, Format Version 12.00
# Visual Studio Version 17
VisualStudioVersion = 17.1.32210.238
MinimumVisualStudioVersion = 10.0.40219.1
Project("{9A19103F-16F7-4668-BE54-9A1E7A4F7556}") = "TwoSum", "TwoSum\TwoSum.csproj", "{6B81D772-3D7C-410A-9B06-3943D65D59B0}"
EndProject
Project("{9A19103F-16F7-4668-BE54-9A1E7A4F7556}") = "PalindromeNumber", "PalindromeNumber\PalindromeNumber.csproj", "{500888C9-D79A-46E4-A493-21C872813AF4}"
EndProject
Project("{9A19103F-16F7-4668-BE54-9A1E7A4F7556}") = "RomanToInteger", "RomanToInteger\RomanToInteger.csproj", "{C90A3A56-A8D2-4417-8A41-E428616ADE31}"
EndProject
Project("{9A19103F-16F7-4668-BE54-9A1E7A4F7556}") = "LongestCommonPrefix", "LongestCommonPrefix\LongestCommonPrefix.csproj", "{A015FDBE-633A-49F3-AD56-F7FE497DDA37}"
EndProject
Project("{9A19103F-16F7-4668-BE54-9A1E7A4F7556}") = "ValidParentheses", "ValidParentheses\ValidParentheses.csproj", "{9BBD27D8-6DF5-4497-9B34-929FD629D44D}"
EndProject
Project("{9A19103F-16F7-4668-BE54-9A1E7A4F7556}") = "RemoveDuplicatesFromSortedArray", "RemoveDuplicatesFromSortedArray\RemoveDuplicatesFromSortedArray.csproj", "{F0B73667-FBAD-4469-8ADE-14C05F17AA08}"
EndProject
Project("{9A19103F-16F7-4668-BE54-9A1E7A4F7556}") = "RemoveElement", "RemoveElement\RemoveElement.csproj", "{2E21DE18-D8C0-4F0A-8B5B-98BA9431B011}"
EndProject
Project("{9A19103F-16F7-4668-BE54-9A1E7A4F7556}") = "ImplementStrStr", "ImplementStrStr\ImplementStrStr.csproj", "{11175115-6F41-4629-B295-95D3EAEF7F48}"
EndProject
Project("{9A19103F-16F7-4668-BE54-9A1E7A4F7556}") = "SearchInsertPosition", "SearchInsertPosition\SearchInsertPosition.csproj", "{9BF1CD91-5512-493E-A9CA-1BBDAECA50B4}"
EndProject
Project("{9A19103F-16F7-4668-BE54-9A1E7A4F7556}") = "MaximumSubarray", "MaximumSubarray\MaximumSubarray.csproj", "{13C8ECCC-7F37-4B91-82C4-6AD56AE52884}"
EndProject
Project("{9A19103F-16F7-4668-BE54-9A1E7A4F7556}") = "LengthOfLastWord", "LengthOfLastWord\LengthOfLastWord.csproj", "{5477F27A-3BC8-4D91-9D26-258D8CFD6F7F}"
EndProject
Project("{9A19103F-16F7-4668-BE54-9A1E7A4F7556}") = "PlusOne", "PlusOne\PlusOne.csproj", "{5EB1CB21-A14C-428A-8DB8-299BADE46286}"
EndProject
Project("{9A19103F-16F7-4668-BE54-9A1E7A4F7556}") = "AddBinary", "AddBinary\AddBinary.csproj", "{8A16DDE6-610A-4384-A5DA-4A00AFD5E720}"
EndProject
Project("{FAE04EC0-301F-11D3-BF4B-00C04F79EFBC}") = "Sqrtx", "Sqrtx\Sqrtx.csproj", "{77CD78AD-7BDB-4F55-B7F1-953C05CC2052}"
EndProject
Global
	GlobalSection(SolutionConfigurationPlatforms) = preSolution
		Debug|Any CPU = Debug|Any CPU
		Release|Any CPU = Release|Any CPU
	EndGlobalSection
	GlobalSection(ProjectConfigurationPlatforms) = postSolution
		{6B81D772-3D7C-410A-9B06-3943D65D59B0}.Debug|Any CPU.ActiveCfg = Debug|Any CPU
		{6B81D772-3D7C-410A-9B06-3943D65D59B0}.Debug|Any CPU.Build.0 = Debug|Any CPU
		{6B81D772-3D7C-410A-9B06-3943D65D59B0}.Release|Any CPU.ActiveCfg = Release|Any CPU
		{6B81D772-3D7C-410A-9B06-3943D65D59B0}.Release|Any CPU.Build.0 = Release|Any CPU
		{500888C9-D79A-46E4-A493-21C872813AF4}.Debug|Any CPU.ActiveCfg = Debug|Any CPU
		{500888C9-D79A-46E4-A493-21C872813AF4}.Debug|Any CPU.Build.0 = Debug|Any CPU
		{500888C9-D79A-46E4-A493-21C872813AF4}.Release|Any CPU.ActiveCfg = Release|Any CPU
		{500888C9-D79A-46E4-A493-21C872813AF4}.Release|Any CPU.Build.0 = Release|Any CPU
		{C90A3A56-A8D2-4417-8A41-E428616ADE31}.Debug|Any CPU.ActiveCfg = Debug|Any CPU
		{C90A3A56-A8D2-4417-8A41-E428616ADE31}.Debug|Any CPU.Build.0 = Debug|Any CPU
		{C90A3A56-A8D2-4417-8A41-E428616ADE31}.Release|Any CPU.ActiveCfg = Release|Any CPU
		{C90A3A56-A8D2-4417-8A41-E428616ADE31}.Release|Any CPU.Build.0 = Release|Any CPU
		{A015FDBE-633A-49F3-AD56-F7FE497DDA37}.Debug|Any CPU.ActiveCfg = Debug|Any CPU
		{A015FDBE-633A-49F3-AD56-F7FE497DDA37}.Debug|Any CPU.Build.0 = Debug|Any CPU
		{A015FDBE-633A-49F3-AD56-F7FE497DDA37}.Release|Any CPU.ActiveCfg = Release|Any CPU
		{A015FDBE-633A-49F3-AD56-F7FE497DDA37}.Release|Any CPU.Build.0 = Release|Any CPU
		{9BBD27D8-6DF5-4497-9B34-929FD629D44D}.Debug|Any CPU.ActiveCfg = Debug|Any CPU
		{9BBD27D8-6DF5-4497-9B34-929FD629D44D}.Debug|Any CPU.Build.0 = Debug|Any CPU
		{9BBD27D8-6DF5-4497-9B34-929FD629D44D}.Release|Any CPU.ActiveCfg = Release|Any CPU
		{9BBD27D8-6DF5-4497-9B34-929FD629D44D}.Release|Any CPU.Build.0 = Release|Any CPU
		{F0B73667-FBAD-4469-8ADE-14C05F17AA08}.Debug|Any CPU.ActiveCfg = Debug|Any CPU
		{F0B73667-FBAD-4469-8ADE-14C05F17AA08}.Debug|Any CPU.Build.0 = Debug|Any CPU
		{F0B73667-FBAD-4469-8ADE-14C05F17AA08}.Release|Any CPU.ActiveCfg = Release|Any CPU
		{F0B73667-FBAD-4469-8ADE-14C05F17AA08}.Release|Any CPU.Build.0 = Release|Any CPU
		{2E21DE18-D8C0-4F0A-8B5B-98BA9431B011}.Debug|Any CPU.ActiveCfg = Debug|Any CPU
		{2E21DE18-D8C0-4F0A-8B5B-98BA9431B011}.Debug|Any CPU.Build.0 = Debug|Any CPU
		{2E21DE18-D8C0-4F0A-8B5B-98BA9431B011}.Release|Any CPU.ActiveCfg = Release|Any CPU
		{2E21DE18-D8C0-4F0A-8B5B-98BA9431B011}.Release|Any CPU.Build.0 = Release|Any CPU
		{11175115-6F41-4629-B295-95D3EAEF7F48}.Debug|Any CPU.ActiveCfg = Debug|Any CPU
		{11175115-6F41-4629-B295-95D3EAEF7F48}.Debug|Any CPU.Build.0 = Debug|Any CPU
		{11175115-6F41-4629-B295-95D3EAEF7F48}.Release|Any CPU.ActiveCfg = Release|Any CPU
		{11175115-6F41-4629-B295-95D3EAEF7F48}.Release|Any CPU.Build.0 = Release|Any CPU
		{9BF1CD91-5512-493E-A9CA-1BBDAECA50B4}.Debug|Any CPU.ActiveCfg = Debug|Any CPU
		{9BF1CD91-5512-493E-A9CA-1BBDAECA50B4}.Debug|Any CPU.Build.0 = Debug|Any CPU
		{9BF1CD91-5512-493E-A9CA-1BBDAECA50B4}.Release|Any CPU.ActiveCfg = Release|Any CPU
		{9BF1CD91-5512-493E-A9CA-1BBDAECA50B4}.Release|Any CPU.Build.0 = Release|Any CPU
		{13C8ECCC-7F37-4B91-82C4-6AD56AE52884}.Debug|Any CPU.ActiveCfg = Debug|Any CPU
		{13C8ECCC-7F37-4B91-82C4-6AD56AE52884}.Debug|Any CPU.Build.0 = Debug|Any CPU
		{13C8ECCC-7F37-4B91-82C4-6AD56AE52884}.Release|Any CPU.ActiveCfg = Release|Any CPU
		{13C8ECCC-7F37-4B91-82C4-6AD56AE52884}.Release|Any CPU.Build.0 = Release|Any CPU
		{5477F27A-3BC8-4D91-9D26-258D8CFD6F7F}.Debug|Any CPU.ActiveCfg = Debug|Any CPU
		{5477F27A-3BC8-4D91-9D26-258D8CFD6F7F}.Debug|Any CPU.Build.0 = Debug|Any CPU
		{5477F27A-3BC8-4D91-9D26-258D8CFD6F7F}.Release|Any CPU.ActiveCfg = Release|Any CPU
		{5477F27A-3BC8-4D91-9D26-258D8CFD6F7F}.Release|Any CPU.Build.0 = Release|Any CPU
		{5EB1CB21-A14C-428A-8DB8-299BADE46286}.Debug|Any CPU.ActiveCfg = Debug|Any CPU
		{5EB1CB21-A14C-428A-8DB8-299BADE46286}.Debug|Any CPU.Build.0 = Debug|Any CPU
		{5EB1CB21-A14C-428A-8DB8-299BADE46286}.Release|Any CPU.ActiveCfg = Release|Any CPU
		{5EB1CB21-A14C-428A-8DB8-299BADE46286}.Release|Any CPU.Build.0 = Release|Any CPU
		{8A16DDE6-610A-4384-A5DA-4A00AFD5E720}.Debug|Any CPU.ActiveCfg = Debug|Any CPU
		{8A16DDE6-610A-4384-A5DA-4A00AFD5E720}.Debug|Any CPU.Build.0 = Debug|Any CPU
		{8A16DDE6-610A-4384-A5DA-4A00AFD5E720}.Release|Any CPU.ActiveCfg = Release|Any CPU
		{8A16DDE6-610A-4384-A5DA-4A00AFD5E720}.Release|Any CPU.Build.0 = Release|Any CPU
		{77CD78AD-7BDB-4F55-B7F1-953C05CC2052}.Debug|Any CPU.ActiveCfg = Debug|Any CPU
		{77CD78AD-7BDB-4F55-B7F1-953C05CC2052}.Debug|Any CPU.Build.0 = Debug|Any CPU
		{77CD78AD-7BDB-4F55-B7F1-953C05CC2052}.Release|Any CPU.ActiveCfg = Release|Any CPU
		{77CD78AD-7BDB-4F55-B7F1-953C05CC2052}.Release|Any CPU.Build.0 = Release|Any CPU
	EndGlobalSection
	GlobalSection(SolutionProperties) = preSolution
		HideSolutionNode = FALSE
	EndGlobalSection
	GlobalSection(ExtensibilityGlobals) = postSolution
		SolutionGuid = {30D7F87A-00C3-4E31-9B40-0F78D194A48F}
	EndGlobalSection
EndGlobal
